
Microsoft Visual Studio Solution File, Format Version 12.00
# Visual Studio 15
VisualStudioVersion = 15.0.26430.12
MinimumVisualStudioVersion = 10.0.40219.1
Project("{FAE04EC0-301F-11D3-BF4B-00C04F79EFBC}") = "Autohausverwaltung.Data", "Autohausverwaltung.Data\Autohausverwaltung.Data.csproj", "{FEFE0655-9DEF-4DAD-938F-6095A4D7B68A}"
EndProject
Project("{FAE04EC0-301F-11D3-BF4B-00C04F79EFBC}") = "Autohausverwaltung.Business", "Autohausverwaltung.Business\Autohausverwaltung.Business.csproj", "{0CA4A47E-D627-4A85-BC89-F5CD961C5192}"
EndProject
Project("{FAE04EC0-301F-11D3-BF4B-00C04F79EFBC}") = "Autohausvewaltung.Test", "Autohausvewaltung.Test\Autohausvewaltung.Test.csproj", "{5120FA37-DCDB-4308-9BF5-64DEF118BA59}"
EndProject
Project("{FAE04EC0-301F-11D3-BF4B-00C04F79EFBC}") = "Autohausverwaltung.Console", "Autohausverwaltung.Console\Autohausverwaltung.Console.csproj", "{1A71027F-38BB-4422-8666-388BF9F6338B}"
EndProject
Global
	GlobalSection(SolutionConfigurationPlatforms) = preSolution
		Debug|Any CPU = Debug|Any CPU
		Release|Any CPU = Release|Any CPU
	EndGlobalSection
	GlobalSection(ProjectConfigurationPlatforms) = postSolution
		{FEFE0655-9DEF-4DAD-938F-6095A4D7B68A}.Debug|Any CPU.ActiveCfg = Debug|Any CPU
		{FEFE0655-9DEF-4DAD-938F-6095A4D7B68A}.Debug|Any CPU.Build.0 = Debug|Any CPU
		{FEFE0655-9DEF-4DAD-938F-6095A4D7B68A}.Release|Any CPU.ActiveCfg = Release|Any CPU
		{FEFE0655-9DEF-4DAD-938F-6095A4D7B68A}.Release|Any CPU.Build.0 = Release|Any CPU
		{0CA4A47E-D627-4A85-BC89-F5CD961C5192}.Debug|Any CPU.ActiveCfg = Debug|Any CPU
		{0CA4A47E-D627-4A85-BC89-F5CD961C5192}.Debug|Any CPU.Build.0 = Debug|Any CPU
		{0CA4A47E-D627-4A85-BC89-F5CD961C5192}.Release|Any CPU.ActiveCfg = Release|Any CPU
		{0CA4A47E-D627-4A85-BC89-F5CD961C5192}.Release|Any CPU.Build.0 = Release|Any CPU
		{5120FA37-DCDB-4308-9BF5-64DEF118BA59}.Debug|Any CPU.ActiveCfg = Debug|Any CPU
		{5120FA37-DCDB-4308-9BF5-64DEF118BA59}.Debug|Any CPU.Build.0 = Debug|Any CPU
		{5120FA37-DCDB-4308-9BF5-64DEF118BA59}.Release|Any CPU.ActiveCfg = Release|Any CPU
		{5120FA37-DCDB-4308-9BF5-64DEF118BA59}.Release|Any CPU.Build.0 = Release|Any CPU
		{1A71027F-38BB-4422-8666-388BF9F6338B}.Debug|Any CPU.ActiveCfg = Debug|Any CPU
		{1A71027F-38BB-4422-8666-388BF9F6338B}.Debug|Any CPU.Build.0 = Debug|Any CPU
		{1A71027F-38BB-4422-8666-388BF9F6338B}.Release|Any CPU.ActiveCfg = Release|Any CPU
		{1A71027F-38BB-4422-8666-388BF9F6338B}.Release|Any CPU.Build.0 = Release|Any CPU
	EndGlobalSection
	GlobalSection(SolutionProperties) = preSolution
		HideSolutionNode = FALSE
	EndGlobalSection
	GlobalSection(ExtensibilityGlobals) = postSolution
		SolutionGuid = {39BE0BEE-5476-4F70-863A-ABE4DF47972B}
	EndGlobalSection
EndGlobal
