
Microsoft Visual Studio Solution File, Format Version 12.00
# Visual Studio 15
VisualStudioVersion = 15.0.26430.12
MinimumVisualStudioVersion = 10.0.40219.1
Project("{9A19103F-16F7-4668-BE54-9A1E7A4F7556}") = "CarManagement.Test", "Autohausvewaltung.Test\CarManagement.Test.csproj", "{5120FA37-DCDB-4308-9BF5-64DEF118BA59}"
EndProject
Project("{FAE04EC0-301F-11D3-BF4B-00C04F79EFBC}") = "CarManagement.GUI", "CarManagement.GUI\CarManagement.GUI.csproj", "{5293566A-B13E-4120-8B02-D8144F95EBD7}"
	ProjectSection(ProjectDependencies) = postProject
		{53045C77-49BF-4E54-A084-A7D0CEED8C9B} = {53045C77-49BF-4E54-A084-A7D0CEED8C9B}
		{F54886AA-403B-42B7-822F-F9EC1D1414B6} = {F54886AA-403B-42B7-822F-F9EC1D1414B6}
	EndProjectSection
EndProject
Project("{9A19103F-16F7-4668-BE54-9A1E7A4F7556}") = "CarManagement.Business", "CarManagement.Business1\CarManagement.Business.csproj", "{53045C77-49BF-4E54-A084-A7D0CEED8C9B}"
EndProject
Project("{9A19103F-16F7-4668-BE54-9A1E7A4F7556}") = "CarManagement.Data", "CarManagement.Data1\CarManagement.Data.csproj", "{F54886AA-403B-42B7-822F-F9EC1D1414B6}"
EndProject
Global
	GlobalSection(SolutionConfigurationPlatforms) = preSolution
		Debug|Any CPU = Debug|Any CPU
		Release|Any CPU = Release|Any CPU
	EndGlobalSection
	GlobalSection(ProjectConfigurationPlatforms) = postSolution
		{5120FA37-DCDB-4308-9BF5-64DEF118BA59}.Debug|Any CPU.ActiveCfg = Debug|Any CPU
		{5120FA37-DCDB-4308-9BF5-64DEF118BA59}.Debug|Any CPU.Build.0 = Debug|Any CPU
		{5120FA37-DCDB-4308-9BF5-64DEF118BA59}.Release|Any CPU.ActiveCfg = Release|Any CPU
		{5120FA37-DCDB-4308-9BF5-64DEF118BA59}.Release|Any CPU.Build.0 = Release|Any CPU
		{5293566A-B13E-4120-8B02-D8144F95EBD7}.Debug|Any CPU.ActiveCfg = Debug|Any CPU
		{5293566A-B13E-4120-8B02-D8144F95EBD7}.Debug|Any CPU.Build.0 = Debug|Any CPU
		{5293566A-B13E-4120-8B02-D8144F95EBD7}.Release|Any CPU.ActiveCfg = Release|Any CPU
		{5293566A-B13E-4120-8B02-D8144F95EBD7}.Release|Any CPU.Build.0 = Release|Any CPU
		{53045C77-49BF-4E54-A084-A7D0CEED8C9B}.Debug|Any CPU.ActiveCfg = Debug|Any CPU
		{53045C77-49BF-4E54-A084-A7D0CEED8C9B}.Debug|Any CPU.Build.0 = Debug|Any CPU
		{53045C77-49BF-4E54-A084-A7D0CEED8C9B}.Release|Any CPU.ActiveCfg = Release|Any CPU
		{53045C77-49BF-4E54-A084-A7D0CEED8C9B}.Release|Any CPU.Build.0 = Release|Any CPU
		{F54886AA-403B-42B7-822F-F9EC1D1414B6}.Debug|Any CPU.ActiveCfg = Debug|Any CPU
		{F54886AA-403B-42B7-822F-F9EC1D1414B6}.Debug|Any CPU.Build.0 = Debug|Any CPU
		{F54886AA-403B-42B7-822F-F9EC1D1414B6}.Release|Any CPU.ActiveCfg = Release|Any CPU
		{F54886AA-403B-42B7-822F-F9EC1D1414B6}.Release|Any CPU.Build.0 = Release|Any CPU
	EndGlobalSection
	GlobalSection(SolutionProperties) = preSolution
		HideSolutionNode = FALSE
	EndGlobalSection
	GlobalSection(ExtensibilityGlobals) = postSolution
		SolutionGuid = {39BE0BEE-5476-4F70-863A-ABE4DF47972B}
	EndGlobalSection
EndGlobal
